
Microsoft Visual Studio Solution File, Format Version 12.00
# Visual Studio Version 16
VisualStudioVersion = 16.0.29215.179
MinimumVisualStudioVersion = 10.0.40219.1
Project("{9A19103F-16F7-4668-BE54-9A1E7A4F7556}") = "UILocator", "UILocator\UILocator.csproj", "{9ABF59F4-DD9F-4D16-A1BA-98342EB410C0}"
EndProject
Global
	GlobalSection(SolutionConfigurationPlatforms) = preSolution
		Debug|Any CPU = Debug|Any CPU
		Release|Any CPU = Release|Any CPU
	EndGlobalSection
	GlobalSection(ProjectConfigurationPlatforms) = postSolution
		{9ABF59F4-DD9F-4D16-A1BA-98342EB410C0}.Debug|Any CPU.ActiveCfg = Debug|Any CPU
		{9ABF59F4-DD9F-4D16-A1BA-98342EB410C0}.Debug|Any CPU.Build.0 = Debug|Any CPU
		{9ABF59F4-DD9F-4D16-A1BA-98342EB410C0}.Release|Any CPU.ActiveCfg = Release|Any CPU
		{9ABF59F4-DD9F-4D16-A1BA-98342EB410C0}.Release|Any CPU.Build.0 = Release|Any CPU
	EndGlobalSection
	GlobalSection(SolutionProperties) = preSolution
		HideSolutionNode = FALSE
	EndGlobalSection
	GlobalSection(ExtensibilityGlobals) = postSolution
		SolutionGuid = {CB9ADCBD-0717-4E6A-B24E-D8659A122BF7}
	EndGlobalSection
EndGlobal
